PODS:
  - Alamofire (4.4.0)
  - FileKit (4.0.0)
  - Kingfisher (3.5.2)
  - PathKit (0.8.0)
  - RandomKit (4.2.0):
    - ShiftOperations
  - ShiftOperations (1.0.0)

DEPENDENCIES:
  - Alamofire (~> 4.4)
  - FileKit (~> 4.0.0)
  - Kingfisher (~> 3.5)
  - PathKit (~> 0.8.0)
  - RandomKit (~> 4.2.0)

SPEC CHECKSUMS:
  Alamofire: dc44b1600b800eb63da6a19039a0083d62a6a62d
  FileKit: 2589d0393b3bfdc599c2ba6e41419be6db4279e0
  Kingfisher: 9950e382c500b6834ce004c7c4131c444e90c3a1
  PathKit: dcab05d701474011aae0e40cf892298a831f63d6
  RandomKit: 64cc8ebf15b99f2478ea1c2eef45c44d05c3c552
  ShiftOperations: 0c77c06851e7976c2665d601b46af123dbffeade

PODFILE CHECKSUM: 258dc4ee1014df14edbe5937666de4ad2f820518

COCOAPODS: 1.2.0.beta.3
